
Microsoft Visual Studio Solution File, Format Version 12.00
# Visual Studio Version 17
VisualStudioVersion = 17.8.34511.84
MinimumVisualStudioVersion = 10.0.40219.1
Project("{9A19103F-16F7-4668-BE54-9A1E7A4F7556}") = "OrderSvc-Consumer", "OrderSvc-Consumer\OrderSvc-Consumer.csproj", "{AA3BBD0E-5FC1-4CB4-9837-D6175CEE4D09}"
EndProject
Project("{9A19103F-16F7-4668-BE54-9A1E7A4F7556}") = "ConsumerTesting", "ConsumerTesting\ConsumerTesting.csproj", "{F37A44F9-BC04-4D95-902A-4552D898E7D7}"
EndProject
Project("{9A19103F-16F7-4668-BE54-9A1E7A4F7556}") = "ProviderTesting", "ProviderTesting\ProviderTesting.csproj", "{331B4837-0816-4C3C-A087-895209B8AF39}"
EndProject
Project("{9A19103F-16F7-4668-BE54-9A1E7A4F7556}") = "DiscountSvc-Provider", "DiscountSvc-Provider\DiscountSvc-Provider.csproj", "{4288973E-4F4B-4F4B-A570-3A30C238B7DB}"
EndProject
Global
	GlobalSection(SolutionConfigurationPlatforms) = preSolution
		Debug|Any CPU = Debug|Any CPU
		Release|Any CPU = Release|Any CPU
	EndGlobalSection
	GlobalSection(ProjectConfigurationPlatforms) = postSolution
		{AA3BBD0E-5FC1-4CB4-9837-D6175CEE4D09}.Debug|Any CPU.ActiveCfg = Debug|Any CPU
		{AA3BBD0E-5FC1-4CB4-9837-D6175CEE4D09}.Debug|Any CPU.Build.0 = Debug|Any CPU
		{AA3BBD0E-5FC1-4CB4-9837-D6175CEE4D09}.Release|Any CPU.ActiveCfg = Release|Any CPU
		{AA3BBD0E-5FC1-4CB4-9837-D6175CEE4D09}.Release|Any CPU.Build.0 = Release|Any CPU
		{F37A44F9-BC04-4D95-902A-4552D898E7D7}.Debug|Any CPU.ActiveCfg = Debug|Any CPU
		{F37A44F9-BC04-4D95-902A-4552D898E7D7}.Debug|Any CPU.Build.0 = Debug|Any CPU
		{F37A44F9-BC04-4D95-902A-4552D898E7D7}.Release|Any CPU.ActiveCfg = Release|Any CPU
		{F37A44F9-BC04-4D95-902A-4552D898E7D7}.Release|Any CPU.Build.0 = Release|Any CPU
		{331B4837-0816-4C3C-A087-895209B8AF39}.Debug|Any CPU.ActiveCfg = Debug|Any CPU
		{331B4837-0816-4C3C-A087-895209B8AF39}.Debug|Any CPU.Build.0 = Debug|Any CPU
		{331B4837-0816-4C3C-A087-895209B8AF39}.Release|Any CPU.ActiveCfg = Release|Any CPU
		{331B4837-0816-4C3C-A087-895209B8AF39}.Release|Any CPU.Build.0 = Release|Any CPU
		{4288973E-4F4B-4F4B-A570-3A30C238B7DB}.Debug|Any CPU.ActiveCfg = Debug|Any CPU
		{4288973E-4F4B-4F4B-A570-3A30C238B7DB}.Debug|Any CPU.Build.0 = Debug|Any CPU
		{4288973E-4F4B-4F4B-A570-3A30C238B7DB}.Release|Any CPU.ActiveCfg = Release|Any CPU
		{4288973E-4F4B-4F4B-A570-3A30C238B7DB}.Release|Any CPU.Build.0 = Release|Any CPU
	EndGlobalSection
	GlobalSection(SolutionProperties) = preSolution
		HideSolutionNode = FALSE
	EndGlobalSection
	GlobalSection(ExtensibilityGlobals) = postSolution
		SolutionGuid = {5AE07BB3-D7F8-4C8B-BF91-B7891BB87A5E}
	EndGlobalSection
EndGlobal
